
Microsoft Visual Studio Solution File, Format Version 12.00
# Visual Studio Version 17
VisualStudioVersion = 17.3.32929.385
MinimumVisualStudioVersion = 10.0.40219.1
Project("{FAE04EC0-301F-11D3-BF4B-00C04F79EFBC}") = "Task 4", "Task 4\Task 4.csproj", "{79C76513-BACE-4578-8AA8-C164A51FD241}"
EndProject
Global
	GlobalSection(SolutionConfigurationPlatforms) = preSolution
		Debug|Any CPU = Debug|Any CPU
		Release|Any CPU = Release|Any CPU
	EndGlobalSection
	GlobalSection(ProjectConfigurationPlatforms) = postSolution
		{79C76513-BACE-4578-8AA8-C164A51FD241}.Debug|Any CPU.ActiveCfg = Debug|Any CPU
		{79C76513-BACE-4578-8AA8-C164A51FD241}.Debug|Any CPU.Build.0 = Debug|Any CPU
		{79C76513-BACE-4578-8AA8-C164A51FD241}.Release|Any CPU.ActiveCfg = Release|Any CPU
		{79C76513-BACE-4578-8AA8-C164A51FD241}.Release|Any CPU.Build.0 = Release|Any CPU
	EndGlobalSection
	GlobalSection(SolutionProperties) = preSolution
		HideSolutionNode = FALSE
	EndGlobalSection
	GlobalSection(ExtensibilityGlobals) = postSolution
		SolutionGuid = {735A9CF0-60F9-42DE-BE65-0A88CC415DB0}
	EndGlobalSection
EndGlobal
